
Microsoft Visual Studio Solution File, Format Version 12.00
# Visual Studio Version 17
VisualStudioVersion = 17.0.31903.59
MinimumVisualStudioVersion = 10.0.40219.1
Project("{2150E333-8FDC-42A3-9474-1A3956D46DE8}") = "src", "src", "{63C00359-397A-4A91-91A9-FC461E2C37A2}"
EndProject
Project("{2150E333-8FDC-42A3-9474-1A3956D46DE8}") = "tests", "tests", "{234BA5F3-F3A3-4C4E-9F41-C6B2A95E0873}"
EndProject
Project("{2150E333-8FDC-42A3-9474-1A3956D46DE8}") = "Presentation", "Presentation", "{922CFF4B-1C86-4C2F-B9E8-E46E0FD81AC4}"
EndProject
Project("{2150E333-8FDC-42A3-9474-1A3956D46DE8}") = "Core", "Core", "{64B424E6-0E63-4C89-82AD-E12EB2B05D7E}"
EndProject
Project("{2150E333-8FDC-42A3-9474-1A3956D46DE8}") = "Application", "Application", "{0F2D6126-1593-4E29-8C91-8FBBDBFD1397}"
EndProject
Project("{2150E333-8FDC-42A3-9474-1A3956D46DE8}") = "Infrastructure", "Infrastructure", "{9D4D86B0-FC31-4380-B179-C0C2EBAB507C}"
EndProject
Project("{FAE04EC0-301F-11D3-BF4B-00C04F79EFBC}") = "ApiGateway.WebApi", "src\Presentation\ApiGateway.WebApi\ApiGateway.WebApi.csproj", "{50268645-3601-4CB5-8372-81D5402DBB1D}"
EndProject
Project("{FAE04EC0-301F-11D3-BF4B-00C04F79EFBC}") = "ApiGateway.Infrastructure", "src\Infrastructure\ApiGateway.Infrastructure\ApiGateway.Infrastructure.csproj", "{ACE8161B-1436-4A75-A23F-6AC1CBA36A05}"
EndProject
Project("{FAE04EC0-301F-11D3-BF4B-00C04F79EFBC}") = "ApiGateway.Application", "src\Core\Application\ApiGateway.Application\ApiGateway.Application.csproj", "{B8807302-D627-4FE9-A515-99EA4E44275C}"
EndProject
Project("{2150E333-8FDC-42A3-9474-1A3956D46DE8}") = "UnitTests", "UnitTests", "{ED60C758-C82A-4227-A5BD-4D07EFC8086C}"
EndProject
Project("{2150E333-8FDC-42A3-9474-1A3956D46DE8}") = "Core", "Core", "{67C64CAB-25B1-4F00-BFD6-CE7E3BBCC586}"
EndProject
Project("{2150E333-8FDC-42A3-9474-1A3956D46DE8}") = "Infrastructure", "Infrastructure", "{2AB40CC7-70EA-4C88-98FF-35716A2F9A2D}"
EndProject
Project("{FAE04EC0-301F-11D3-BF4B-00C04F79EFBC}") = "ApiGateway.Application.UnitTests", "tests\UnitTests\Core\ApiGateway.Application.UnitTests\ApiGateway.Application.UnitTests.csproj", "{A08D0969-58FE-4BE1-B683-4DDE1D7EA124}"
EndProject
Project("{2150E333-8FDC-42A3-9474-1A3956D46DE8}") = "documentation", "documentation", "{B1C736E7-2DBD-4665-ADDF-3F80DE096452}"
EndProject
Project("{2150E333-8FDC-42A3-9474-1A3956D46DE8}") = "assets", "assets", "{E058DF52-BB4E-44F0-BDBB-5DB535B812EF}"
EndProject
Global
	GlobalSection(SolutionConfigurationPlatforms) = preSolution
		Debug|Any CPU = Debug|Any CPU
		Release|Any CPU = Release|Any CPU
	EndGlobalSection
	GlobalSection(ProjectConfigurationPlatforms) = postSolution
		{50268645-3601-4CB5-8372-81D5402DBB1D}.Debug|Any CPU.ActiveCfg = Debug|Any CPU
		{50268645-3601-4CB5-8372-81D5402DBB1D}.Debug|Any CPU.Build.0 = Debug|Any CPU
		{50268645-3601-4CB5-8372-81D5402DBB1D}.Release|Any CPU.ActiveCfg = Release|Any CPU
		{50268645-3601-4CB5-8372-81D5402DBB1D}.Release|Any CPU.Build.0 = Release|Any CPU
		{ACE8161B-1436-4A75-A23F-6AC1CBA36A05}.Debug|Any CPU.ActiveCfg = Debug|Any CPU
		{ACE8161B-1436-4A75-A23F-6AC1CBA36A05}.Debug|Any CPU.Build.0 = Debug|Any CPU
		{ACE8161B-1436-4A75-A23F-6AC1CBA36A05}.Release|Any CPU.ActiveCfg = Release|Any CPU
		{ACE8161B-1436-4A75-A23F-6AC1CBA36A05}.Release|Any CPU.Build.0 = Release|Any CPU
		{B8807302-D627-4FE9-A515-99EA4E44275C}.Debug|Any CPU.ActiveCfg = Debug|Any CPU
		{B8807302-D627-4FE9-A515-99EA4E44275C}.Debug|Any CPU.Build.0 = Debug|Any CPU
		{B8807302-D627-4FE9-A515-99EA4E44275C}.Release|Any CPU.ActiveCfg = Release|Any CPU
		{B8807302-D627-4FE9-A515-99EA4E44275C}.Release|Any CPU.Build.0 = Release|Any CPU
		{A08D0969-58FE-4BE1-B683-4DDE1D7EA124}.Debug|Any CPU.ActiveCfg = Debug|Any CPU
		{A08D0969-58FE-4BE1-B683-4DDE1D7EA124}.Debug|Any CPU.Build.0 = Debug|Any CPU
		{A08D0969-58FE-4BE1-B683-4DDE1D7EA124}.Release|Any CPU.ActiveCfg = Release|Any CPU
		{A08D0969-58FE-4BE1-B683-4DDE1D7EA124}.Release|Any CPU.Build.0 = Release|Any CPU
	EndGlobalSection
	GlobalSection(SolutionProperties) = preSolution
		HideSolutionNode = FALSE
	EndGlobalSection
	GlobalSection(NestedProjects) = preSolution
		{922CFF4B-1C86-4C2F-B9E8-E46E0FD81AC4} = {63C00359-397A-4A91-91A9-FC461E2C37A2}
		{64B424E6-0E63-4C89-82AD-E12EB2B05D7E} = {63C00359-397A-4A91-91A9-FC461E2C37A2}
		{0F2D6126-1593-4E29-8C91-8FBBDBFD1397} = {64B424E6-0E63-4C89-82AD-E12EB2B05D7E}
		{9D4D86B0-FC31-4380-B179-C0C2EBAB507C} = {63C00359-397A-4A91-91A9-FC461E2C37A2}
		{50268645-3601-4CB5-8372-81D5402DBB1D} = {922CFF4B-1C86-4C2F-B9E8-E46E0FD81AC4}
		{ACE8161B-1436-4A75-A23F-6AC1CBA36A05} = {9D4D86B0-FC31-4380-B179-C0C2EBAB507C}
		{B8807302-D627-4FE9-A515-99EA4E44275C} = {0F2D6126-1593-4E29-8C91-8FBBDBFD1397}
		{ED60C758-C82A-4227-A5BD-4D07EFC8086C} = {234BA5F3-F3A3-4C4E-9F41-C6B2A95E0873}
		{67C64CAB-25B1-4F00-BFD6-CE7E3BBCC586} = {ED60C758-C82A-4227-A5BD-4D07EFC8086C}
		{2AB40CC7-70EA-4C88-98FF-35716A2F9A2D} = {ED60C758-C82A-4227-A5BD-4D07EFC8086C}
		{A08D0969-58FE-4BE1-B683-4DDE1D7EA124} = {67C64CAB-25B1-4F00-BFD6-CE7E3BBCC586}
		{E058DF52-BB4E-44F0-BDBB-5DB535B812EF} = {B1C736E7-2DBD-4665-ADDF-3F80DE096452}
	EndGlobalSection
	GlobalSection(ExtensibilityGlobals) = postSolution
		SolutionGuid = {27CA229A-2FF9-45A3-A41C-E8AE10F460D2}
	EndGlobalSection
EndGlobal
